
Microsoft Visual Studio Solution File, Format Version 12.00
# Visual Studio Version 16
VisualStudioVersion = 16.0.29613.14
MinimumVisualStudioVersion = 10.0.40219.1
Project("{9A19103F-16F7-4668-BE54-9A1E7A4F7556}") = "detree", "src\detree\detree.csproj", "{2A5CA5C2-F79C-4299-B00D-9D65200F824A}"
EndProject
Project("{2150E333-8FDC-42A3-9474-1A3956D46DE8}") = "src", "src", "{39E68AD2-92E3-4BDA-AC19-463E6C68A061}"
EndProject
Project("{9A19103F-16F7-4668-BE54-9A1E7A4F7556}") = "Application", "src\Application\Application.csproj", "{207D411C-4CE1-4A84-87F8-2E0858A8D224}"
EndProject
Project("{9A19103F-16F7-4668-BE54-9A1E7A4F7556}") = "Domain", "src\Domain\Domain.csproj", "{94139C7B-388E-4677-AA2D-306DC8BFEBBA}"
EndProject
Project("{9A19103F-16F7-4668-BE54-9A1E7A4F7556}") = "Infrastructure", "src\Infrastructure\Infrastructure.csproj", "{6D92BA82-54E5-4E58-B632-E4433B1A1950}"
EndProject
Project("{2150E333-8FDC-42A3-9474-1A3956D46DE8}") = "tests", "tests", "{ECD392FB-C84B-4984-B8B5-CBE11DC2D611}"
EndProject
Project("{9A19103F-16F7-4668-BE54-9A1E7A4F7556}") = "Application.UnitTests", "tests\Application.UnitTests\Application.UnitTests.csproj", "{5850306F-51BB-45BE-89F6-2972D706E192}"
EndProject
Project("{9A19103F-16F7-4668-BE54-9A1E7A4F7556}") = "Domain.UnitTests", "tests\Domain.UnitTests\Domain.UnitTests.csproj", "{DD986A1D-CF57-4408-AEF7-14FB5F90DBB4}"
EndProject
Project("{9A19103F-16F7-4668-BE54-9A1E7A4F7556}") = "Infrastructure.IntegrationTests", "tests\Infrastructure.IntegrationTests\Infrastructure.IntegrationTests.csproj", "{35B4C0C7-77C6-4729-ACD1-D5C6B484EE0F}"
EndProject
Project("{9A19103F-16F7-4668-BE54-9A1E7A4F7556}") = "detree.IntegrationTests", "tests\detree.IntegrationTests\detree.IntegrationTests.csproj", "{2D091C2E-9A39-4464-8B96-D4621AA6D918}"
EndProject
Project("{E53339B2-1760-4266-BCC7-CA923CBCF16C}") = "docker-compose", "docker-compose.dcproj", "{B7A71775-900C-4E64-A63E-E60A3E67F5FC}"
EndProject
Project("{2150E333-8FDC-42A3-9474-1A3956D46DE8}") = "auth", "auth", "{818E174C-452B-4EFC-84E9-60D467D55C89}"
EndProject
Project("{9A19103F-16F7-4668-BE54-9A1E7A4F7556}") = "IdentityServer", "auth\IdentityServer\IdentityServer.csproj", "{2679781C-D3EE-4BB6-85CD-9E04E934D48C}"
EndProject
Project("{9A19103F-16F7-4668-BE54-9A1E7A4F7556}") = "Application", "auth\Application\Application.csproj", "{25DD7F14-8C8D-4937-9EEA-85E21CAD500D}"
EndProject
Project("{9A19103F-16F7-4668-BE54-9A1E7A4F7556}") = "Domain", "auth\Domain\Domain.csproj", "{EE64A5A3-B1BF-4971-8792-BD4B7992FCF0}"
EndProject
Project("{9A19103F-16F7-4668-BE54-9A1E7A4F7556}") = "Infrastructure", "auth\Infrastructure\Infrastructure.csproj", "{913E2318-2102-4E47-AAD2-CAE0CA4D540E}"
EndProject
Project("{2150E333-8FDC-42A3-9474-1A3956D46DE8}") = "common", "common", "{B53F7959-7F42-46E8-9369-C8002766A2C8}"
EndProject
Project("{9A19103F-16F7-4668-BE54-9A1E7A4F7556}") = "Application.Common", "common\Application\Application.Common.csproj", "{536836B8-2ED3-43E5-AE73-33D25CFE585C}"
EndProject
Project("{9A19103F-16F7-4668-BE54-9A1E7A4F7556}") = "Infrastructure.Common", "common\Infrastructure\Infrastructure.Common.csproj", "{6D2D6194-CCB5-400C-9EC0-AEA81A70C07F}"
EndProject
Project("{FAE04EC0-301F-11D3-BF4B-00C04F79EFBC}") = "Domain.Common", "common\Domain.Common\Domain.Common.csproj", "{DBE76976-9D72-4C9C-8EEA-C274C7653163}"
EndProject
Global
	GlobalSection(SolutionConfigurationPlatforms) = preSolution
		Debug|Any CPU = Debug|Any CPU
		Release|Any CPU = Release|Any CPU
	EndGlobalSection
	GlobalSection(ProjectConfigurationPlatforms) = postSolution
		{2A5CA5C2-F79C-4299-B00D-9D65200F824A}.Debug|Any CPU.ActiveCfg = Debug|Any CPU
		{2A5CA5C2-F79C-4299-B00D-9D65200F824A}.Debug|Any CPU.Build.0 = Debug|Any CPU
		{2A5CA5C2-F79C-4299-B00D-9D65200F824A}.Release|Any CPU.ActiveCfg = Release|Any CPU
		{2A5CA5C2-F79C-4299-B00D-9D65200F824A}.Release|Any CPU.Build.0 = Release|Any CPU
		{207D411C-4CE1-4A84-87F8-2E0858A8D224}.Debug|Any CPU.ActiveCfg = Debug|Any CPU
		{207D411C-4CE1-4A84-87F8-2E0858A8D224}.Debug|Any CPU.Build.0 = Debug|Any CPU
		{207D411C-4CE1-4A84-87F8-2E0858A8D224}.Release|Any CPU.ActiveCfg = Release|Any CPU
		{207D411C-4CE1-4A84-87F8-2E0858A8D224}.Release|Any CPU.Build.0 = Release|Any CPU
		{94139C7B-388E-4677-AA2D-306DC8BFEBBA}.Debug|Any CPU.ActiveCfg = Debug|Any CPU
		{94139C7B-388E-4677-AA2D-306DC8BFEBBA}.Debug|Any CPU.Build.0 = Debug|Any CPU
		{94139C7B-388E-4677-AA2D-306DC8BFEBBA}.Release|Any CPU.ActiveCfg = Release|Any CPU
		{94139C7B-388E-4677-AA2D-306DC8BFEBBA}.Release|Any CPU.Build.0 = Release|Any CPU
		{6D92BA82-54E5-4E58-B632-E4433B1A1950}.Debug|Any CPU.ActiveCfg = Debug|Any CPU
		{6D92BA82-54E5-4E58-B632-E4433B1A1950}.Debug|Any CPU.Build.0 = Debug|Any CPU
		{6D92BA82-54E5-4E58-B632-E4433B1A1950}.Release|Any CPU.ActiveCfg = Release|Any CPU
		{6D92BA82-54E5-4E58-B632-E4433B1A1950}.Release|Any CPU.Build.0 = Release|Any CPU
		{5850306F-51BB-45BE-89F6-2972D706E192}.Debug|Any CPU.ActiveCfg = Debug|Any CPU
		{5850306F-51BB-45BE-89F6-2972D706E192}.Debug|Any CPU.Build.0 = Debug|Any CPU
		{5850306F-51BB-45BE-89F6-2972D706E192}.Release|Any CPU.ActiveCfg = Release|Any CPU
		{5850306F-51BB-45BE-89F6-2972D706E192}.Release|Any CPU.Build.0 = Release|Any CPU
		{DD986A1D-CF57-4408-AEF7-14FB5F90DBB4}.Debug|Any CPU.ActiveCfg = Debug|Any CPU
		{DD986A1D-CF57-4408-AEF7-14FB5F90DBB4}.Debug|Any CPU.Build.0 = Debug|Any CPU
		{DD986A1D-CF57-4408-AEF7-14FB5F90DBB4}.Release|Any CPU.ActiveCfg = Release|Any CPU
		{DD986A1D-CF57-4408-AEF7-14FB5F90DBB4}.Release|Any CPU.Build.0 = Release|Any CPU
		{35B4C0C7-77C6-4729-ACD1-D5C6B484EE0F}.Debug|Any CPU.ActiveCfg = Debug|Any CPU
		{35B4C0C7-77C6-4729-ACD1-D5C6B484EE0F}.Debug|Any CPU.Build.0 = Debug|Any CPU
		{35B4C0C7-77C6-4729-ACD1-D5C6B484EE0F}.Release|Any CPU.ActiveCfg = Release|Any CPU
		{35B4C0C7-77C6-4729-ACD1-D5C6B484EE0F}.Release|Any CPU.Build.0 = Release|Any CPU
		{2D091C2E-9A39-4464-8B96-D4621AA6D918}.Debug|Any CPU.ActiveCfg = Debug|Any CPU
		{2D091C2E-9A39-4464-8B96-D4621AA6D918}.Debug|Any CPU.Build.0 = Debug|Any CPU
		{2D091C2E-9A39-4464-8B96-D4621AA6D918}.Release|Any CPU.ActiveCfg = Release|Any CPU
		{2D091C2E-9A39-4464-8B96-D4621AA6D918}.Release|Any CPU.Build.0 = Release|Any CPU
		{B7A71775-900C-4E64-A63E-E60A3E67F5FC}.Debug|Any CPU.ActiveCfg = Debug|Any CPU
		{B7A71775-900C-4E64-A63E-E60A3E67F5FC}.Debug|Any CPU.Build.0 = Debug|Any CPU
		{B7A71775-900C-4E64-A63E-E60A3E67F5FC}.Release|Any CPU.ActiveCfg = Release|Any CPU
		{B7A71775-900C-4E64-A63E-E60A3E67F5FC}.Release|Any CPU.Build.0 = Release|Any CPU
		{2679781C-D3EE-4BB6-85CD-9E04E934D48C}.Debug|Any CPU.ActiveCfg = Debug|Any CPU
		{2679781C-D3EE-4BB6-85CD-9E04E934D48C}.Debug|Any CPU.Build.0 = Debug|Any CPU
		{2679781C-D3EE-4BB6-85CD-9E04E934D48C}.Release|Any CPU.ActiveCfg = Release|Any CPU
		{2679781C-D3EE-4BB6-85CD-9E04E934D48C}.Release|Any CPU.Build.0 = Release|Any CPU
		{25DD7F14-8C8D-4937-9EEA-85E21CAD500D}.Debug|Any CPU.ActiveCfg = Debug|Any CPU
		{25DD7F14-8C8D-4937-9EEA-85E21CAD500D}.Debug|Any CPU.Build.0 = Debug|Any CPU
		{25DD7F14-8C8D-4937-9EEA-85E21CAD500D}.Release|Any CPU.ActiveCfg = Release|Any CPU
		{25DD7F14-8C8D-4937-9EEA-85E21CAD500D}.Release|Any CPU.Build.0 = Release|Any CPU
		{EE64A5A3-B1BF-4971-8792-BD4B7992FCF0}.Debug|Any CPU.ActiveCfg = Debug|Any CPU
		{EE64A5A3-B1BF-4971-8792-BD4B7992FCF0}.Debug|Any CPU.Build.0 = Debug|Any CPU
		{EE64A5A3-B1BF-4971-8792-BD4B7992FCF0}.Release|Any CPU.ActiveCfg = Release|Any CPU
		{EE64A5A3-B1BF-4971-8792-BD4B7992FCF0}.Release|Any CPU.Build.0 = Release|Any CPU
		{913E2318-2102-4E47-AAD2-CAE0CA4D540E}.Debug|Any CPU.ActiveCfg = Debug|Any CPU
		{913E2318-2102-4E47-AAD2-CAE0CA4D540E}.Debug|Any CPU.Build.0 = Debug|Any CPU
		{913E2318-2102-4E47-AAD2-CAE0CA4D540E}.Release|Any CPU.ActiveCfg = Release|Any CPU
		{913E2318-2102-4E47-AAD2-CAE0CA4D540E}.Release|Any CPU.Build.0 = Release|Any CPU
		{536836B8-2ED3-43E5-AE73-33D25CFE585C}.Debug|Any CPU.ActiveCfg = Debug|Any CPU
		{536836B8-2ED3-43E5-AE73-33D25CFE585C}.Debug|Any CPU.Build.0 = Debug|Any CPU
		{536836B8-2ED3-43E5-AE73-33D25CFE585C}.Release|Any CPU.ActiveCfg = Release|Any CPU
		{536836B8-2ED3-43E5-AE73-33D25CFE585C}.Release|Any CPU.Build.0 = Release|Any CPU
		{6D2D6194-CCB5-400C-9EC0-AEA81A70C07F}.Debug|Any CPU.ActiveCfg = Debug|Any CPU
		{6D2D6194-CCB5-400C-9EC0-AEA81A70C07F}.Debug|Any CPU.Build.0 = Debug|Any CPU
		{6D2D6194-CCB5-400C-9EC0-AEA81A70C07F}.Release|Any CPU.ActiveCfg = Release|Any CPU
		{6D2D6194-CCB5-400C-9EC0-AEA81A70C07F}.Release|Any CPU.Build.0 = Release|Any CPU
		{DBE76976-9D72-4C9C-8EEA-C274C7653163}.Debug|Any CPU.ActiveCfg = Debug|Any CPU
		{DBE76976-9D72-4C9C-8EEA-C274C7653163}.Debug|Any CPU.Build.0 = Debug|Any CPU
		{DBE76976-9D72-4C9C-8EEA-C274C7653163}.Release|Any CPU.ActiveCfg = Release|Any CPU
		{DBE76976-9D72-4C9C-8EEA-C274C7653163}.Release|Any CPU.Build.0 = Release|Any CPU
	EndGlobalSection
	GlobalSection(SolutionProperties) = preSolution
		HideSolutionNode = FALSE
	EndGlobalSection
	GlobalSection(NestedProjects) = preSolution
		{2A5CA5C2-F79C-4299-B00D-9D65200F824A} = {39E68AD2-92E3-4BDA-AC19-463E6C68A061}
		{207D411C-4CE1-4A84-87F8-2E0858A8D224} = {39E68AD2-92E3-4BDA-AC19-463E6C68A061}
		{94139C7B-388E-4677-AA2D-306DC8BFEBBA} = {39E68AD2-92E3-4BDA-AC19-463E6C68A061}
		{6D92BA82-54E5-4E58-B632-E4433B1A1950} = {39E68AD2-92E3-4BDA-AC19-463E6C68A061}
		{5850306F-51BB-45BE-89F6-2972D706E192} = {ECD392FB-C84B-4984-B8B5-CBE11DC2D611}
		{DD986A1D-CF57-4408-AEF7-14FB5F90DBB4} = {ECD392FB-C84B-4984-B8B5-CBE11DC2D611}
		{35B4C0C7-77C6-4729-ACD1-D5C6B484EE0F} = {ECD392FB-C84B-4984-B8B5-CBE11DC2D611}
		{2D091C2E-9A39-4464-8B96-D4621AA6D918} = {ECD392FB-C84B-4984-B8B5-CBE11DC2D611}
		{2679781C-D3EE-4BB6-85CD-9E04E934D48C} = {818E174C-452B-4EFC-84E9-60D467D55C89}
		{25DD7F14-8C8D-4937-9EEA-85E21CAD500D} = {818E174C-452B-4EFC-84E9-60D467D55C89}
		{EE64A5A3-B1BF-4971-8792-BD4B7992FCF0} = {818E174C-452B-4EFC-84E9-60D467D55C89}
		{913E2318-2102-4E47-AAD2-CAE0CA4D540E} = {818E174C-452B-4EFC-84E9-60D467D55C89}
		{536836B8-2ED3-43E5-AE73-33D25CFE585C} = {B53F7959-7F42-46E8-9369-C8002766A2C8}
		{6D2D6194-CCB5-400C-9EC0-AEA81A70C07F} = {B53F7959-7F42-46E8-9369-C8002766A2C8}
		{DBE76976-9D72-4C9C-8EEA-C274C7653163} = {B53F7959-7F42-46E8-9369-C8002766A2C8}
	EndGlobalSection
	GlobalSection(ExtensibilityGlobals) = postSolution
		SolutionGuid = {1E296EF4-9719-472F-AC17-BD8575CD0386}
	EndGlobalSection
EndGlobal
