
Microsoft Visual Studio Solution File, Format Version 12.00
# Visual Studio Version 16
VisualStudioVersion = 16.0.29613.14
MinimumVisualStudioVersion = 10.0.40219.1
Project("{9A19103F-16F7-4668-BE54-9A1E7A4F7556}") = "detree", "src\detree\detree.csproj", "{2A5CA5C2-F79C-4299-B00D-9D65200F824A}"
EndProject
Project("{2150E333-8FDC-42A3-9474-1A3956D46DE8}") = "src", "src", "{39E68AD2-92E3-4BDA-AC19-463E6C68A061}"
EndProject
Project("{9A19103F-16F7-4668-BE54-9A1E7A4F7556}") = "Application", "src\Application\Application.csproj", "{207D411C-4CE1-4A84-87F8-2E0858A8D224}"
EndProject
Project("{9A19103F-16F7-4668-BE54-9A1E7A4F7556}") = "Domain", "src\Domain\Domain.csproj", "{94139C7B-388E-4677-AA2D-306DC8BFEBBA}"
EndProject
Project("{9A19103F-16F7-4668-BE54-9A1E7A4F7556}") = "Infrastructure", "src\Infrastructure\Infrastructure.csproj", "{6D92BA82-54E5-4E58-B632-E4433B1A1950}"
EndProject
Project("{2150E333-8FDC-42A3-9474-1A3956D46DE8}") = "tests", "tests", "{ECD392FB-C84B-4984-B8B5-CBE11DC2D611}"
EndProject
Project("{9A19103F-16F7-4668-BE54-9A1E7A4F7556}") = "Application.UnitTests", "tests\Application.UnitTests\Application.UnitTests.csproj", "{5850306F-51BB-45BE-89F6-2972D706E192}"
EndProject
Project("{9A19103F-16F7-4668-BE54-9A1E7A4F7556}") = "Domain.UnitTests", "tests\Domain.UnitTests\Domain.UnitTests.csproj", "{DD986A1D-CF57-4408-AEF7-14FB5F90DBB4}"
EndProject
Project("{9A19103F-16F7-4668-BE54-9A1E7A4F7556}") = "Infrastructure.IntegrationTests", "tests\Infrastructure.IntegrationTests\Infrastructure.IntegrationTests.csproj", "{35B4C0C7-77C6-4729-ACD1-D5C6B484EE0F}"
EndProject
Project("{9A19103F-16F7-4668-BE54-9A1E7A4F7556}") = "detree.IntegrationTests", "tests\detree.IntegrationTests\detree.IntegrationTests.csproj", "{2D091C2E-9A39-4464-8B96-D4621AA6D918}"
EndProject
Project("{E53339B2-1760-4266-BCC7-CA923CBCF16C}") = "docker-compose", "docker-compose.dcproj", "{B7A71775-900C-4E64-A63E-E60A3E67F5FC}"
EndProject
Global
	GlobalSection(SolutionConfigurationPlatforms) = preSolution
		Debug|Any CPU = Debug|Any CPU
		Release|Any CPU = Release|Any CPU
	EndGlobalSection
	GlobalSection(ProjectConfigurationPlatforms) = postSolution
		{2A5CA5C2-F79C-4299-B00D-9D65200F824A}.Debug|Any CPU.ActiveCfg = Debug|Any CPU
		{2A5CA5C2-F79C-4299-B00D-9D65200F824A}.Debug|Any CPU.Build.0 = Debug|Any CPU
		{2A5CA5C2-F79C-4299-B00D-9D65200F824A}.Release|Any CPU.ActiveCfg = Release|Any CPU
		{2A5CA5C2-F79C-4299-B00D-9D65200F824A}.Release|Any CPU.Build.0 = Release|Any CPU
		{207D411C-4CE1-4A84-87F8-2E0858A8D224}.Debug|Any CPU.ActiveCfg = Debug|Any CPU
		{207D411C-4CE1-4A84-87F8-2E0858A8D224}.Debug|Any CPU.Build.0 = Debug|Any CPU
		{207D411C-4CE1-4A84-87F8-2E0858A8D224}.Release|Any CPU.ActiveCfg = Release|Any CPU
		{207D411C-4CE1-4A84-87F8-2E0858A8D224}.Release|Any CPU.Build.0 = Release|Any CPU
		{94139C7B-388E-4677-AA2D-306DC8BFEBBA}.Debug|Any CPU.ActiveCfg = Debug|Any CPU
		{94139C7B-388E-4677-AA2D-306DC8BFEBBA}.Debug|Any CPU.Build.0 = Debug|Any CPU
		{94139C7B-388E-4677-AA2D-306DC8BFEBBA}.Release|Any CPU.ActiveCfg = Release|Any CPU
		{94139C7B-388E-4677-AA2D-306DC8BFEBBA}.Release|Any CPU.Build.0 = Release|Any CPU
		{6D92BA82-54E5-4E58-B632-E4433B1A1950}.Debug|Any CPU.ActiveCfg = Debug|Any CPU
		{6D92BA82-54E5-4E58-B632-E4433B1A1950}.Debug|Any CPU.Build.0 = Debug|Any CPU
		{6D92BA82-54E5-4E58-B632-E4433B1A1950}.Release|Any CPU.ActiveCfg = Release|Any CPU
		{6D92BA82-54E5-4E58-B632-E4433B1A1950}.Release|Any CPU.Build.0 = Release|Any CPU
		{5850306F-51BB-45BE-89F6-2972D706E192}.Debug|Any CPU.ActiveCfg = Debug|Any CPU
		{5850306F-51BB-45BE-89F6-2972D706E192}.Debug|Any CPU.Build.0 = Debug|Any CPU
		{5850306F-51BB-45BE-89F6-2972D706E192}.Release|Any CPU.ActiveCfg = Release|Any CPU
		{5850306F-51BB-45BE-89F6-2972D706E192}.Release|Any CPU.Build.0 = Release|Any CPU
		{DD986A1D-CF57-4408-AEF7-14FB5F90DBB4}.Debug|Any CPU.ActiveCfg = Debug|Any CPU
		{DD986A1D-CF57-4408-AEF7-14FB5F90DBB4}.Debug|Any CPU.Build.0 = Debug|Any CPU
		{DD986A1D-CF57-4408-AEF7-14FB5F90DBB4}.Release|Any CPU.ActiveCfg = Release|Any CPU
		{DD986A1D-CF57-4408-AEF7-14FB5F90DBB4}.Release|Any CPU.Build.0 = Release|Any CPU
		{35B4C0C7-77C6-4729-ACD1-D5C6B484EE0F}.Debug|Any CPU.ActiveCfg = Debug|Any CPU
		{35B4C0C7-77C6-4729-ACD1-D5C6B484EE0F}.Debug|Any CPU.Build.0 = Debug|Any CPU
		{35B4C0C7-77C6-4729-ACD1-D5C6B484EE0F}.Release|Any CPU.ActiveCfg = Release|Any CPU
		{35B4C0C7-77C6-4729-ACD1-D5C6B484EE0F}.Release|Any CPU.Build.0 = Release|Any CPU
		{2D091C2E-9A39-4464-8B96-D4621AA6D918}.Debug|Any CPU.ActiveCfg = Debug|Any CPU
		{2D091C2E-9A39-4464-8B96-D4621AA6D918}.Debug|Any CPU.Build.0 = Debug|Any CPU
		{2D091C2E-9A39-4464-8B96-D4621AA6D918}.Release|Any CPU.ActiveCfg = Release|Any CPU
		{2D091C2E-9A39-4464-8B96-D4621AA6D918}.Release|Any CPU.Build.0 = Release|Any CPU
		{B7A71775-900C-4E64-A63E-E60A3E67F5FC}.Debug|Any CPU.ActiveCfg = Debug|Any CPU
		{B7A71775-900C-4E64-A63E-E60A3E67F5FC}.Debug|Any CPU.Build.0 = Debug|Any CPU
		{B7A71775-900C-4E64-A63E-E60A3E67F5FC}.Release|Any CPU.ActiveCfg = Release|Any CPU
		{B7A71775-900C-4E64-A63E-E60A3E67F5FC}.Release|Any CPU.Build.0 = Release|Any CPU
	EndGlobalSection
	GlobalSection(SolutionProperties) = preSolution
		HideSolutionNode = FALSE
	EndGlobalSection
	GlobalSection(NestedProjects) = preSolution
		{2A5CA5C2-F79C-4299-B00D-9D65200F824A} = {39E68AD2-92E3-4BDA-AC19-463E6C68A061}
		{207D411C-4CE1-4A84-87F8-2E0858A8D224} = {39E68AD2-92E3-4BDA-AC19-463E6C68A061}
		{94139C7B-388E-4677-AA2D-306DC8BFEBBA} = {39E68AD2-92E3-4BDA-AC19-463E6C68A061}
		{6D92BA82-54E5-4E58-B632-E4433B1A1950} = {39E68AD2-92E3-4BDA-AC19-463E6C68A061}
		{5850306F-51BB-45BE-89F6-2972D706E192} = {ECD392FB-C84B-4984-B8B5-CBE11DC2D611}
		{DD986A1D-CF57-4408-AEF7-14FB5F90DBB4} = {ECD392FB-C84B-4984-B8B5-CBE11DC2D611}
		{35B4C0C7-77C6-4729-ACD1-D5C6B484EE0F} = {ECD392FB-C84B-4984-B8B5-CBE11DC2D611}
		{2D091C2E-9A39-4464-8B96-D4621AA6D918} = {ECD392FB-C84B-4984-B8B5-CBE11DC2D611}
	EndGlobalSection
	GlobalSection(ExtensibilityGlobals) = postSolution
		SolutionGuid = {1E296EF4-9719-472F-AC17-BD8575CD0386}
	EndGlobalSection
EndGlobal
